<?xml version="1.0" encoding="UTF-8" standalone="yes" ?>
<CodeBlocks_project_file>
   <FileVersion major="1" minor="6" />
   <Project>
      <Option title="modern_cpp" />
      <Option makefile_is_custom="1" />
      <Option compiler="gcc" />
      <Option virtualFolders="CMake Files\;" />
      <Build>
      <Target title="all">
         <Option working_dir="/home/muszak/modernCpp/modern_cpp" />
         <Option type="4" />
         <MakeCommands>
            <Build command="/usr/bin/make -f &quot;/home/muszak/modernCpp/modern_cpp/Makefile&quot;  VERBOSE=1 all" />
            <CompileFile command="/usr/bin/make -f &quot;/home/muszak/modernCpp/modern_cpp/Makefile&quot;  VERBOSE=1 &quot;$file&quot;" />
            <Clean command="/usr/bin/make -f &quot;/home/muszak/modernCpp/modern_cpp/Makefile&quot;  VERBOSE=1 clean" />
            <DistClean command="/usr/bin/make -f &quot;/home/muszak/modernCpp/modern_cpp/Makefile&quot;  VERBOSE=1 clean" />
         </MakeCommands>
      </Target>
      <Target title="rebuild_cache">
         <Option working_dir="/home/muszak/modernCpp/modern_cpp" />
         <Option type="4" />
         <MakeCommands>
            <Build command="/usr/bin/make -f &quot;/home/muszak/modernCpp/modern_cpp/Makefile&quot;  VERBOSE=1 rebuild_cache" />
            <CompileFile command="/usr/bin/make -f &quot;/home/muszak/modernCpp/modern_cpp/Makefile&quot;  VERBOSE=1 &quot;$file&quot;" />
            <Clean command="/usr/bin/make -f &quot;/home/muszak/modernCpp/modern_cpp/Makefile&quot;  VERBOSE=1 clean" />
            <DistClean command="/usr/bin/make -f &quot;/home/muszak/modernCpp/modern_cpp/Makefile&quot;  VERBOSE=1 clean" />
         </MakeCommands>
      </Target>
      <Target title="edit_cache">
         <Option working_dir="/home/muszak/modernCpp/modern_cpp" />
         <Option type="4" />
         <MakeCommands>
            <Build command="/usr/bin/make -f &quot;/home/muszak/modernCpp/modern_cpp/Makefile&quot;  VERBOSE=1 edit_cache" />
            <CompileFile command="/usr/bin/make -f &quot;/home/muszak/modernCpp/modern_cpp/Makefile&quot;  VERBOSE=1 &quot;$file&quot;" />
            <Clean command="/usr/bin/make -f &quot;/home/muszak/modernCpp/modern_cpp/Makefile&quot;  VERBOSE=1 clean" />
            <DistClean command="/usr/bin/make -f &quot;/home/muszak/modernCpp/modern_cpp/Makefile&quot;  VERBOSE=1 clean" />
         </MakeCommands>
      </Target>
      <Target title="modern_cpp">
         <Option output="/home/muszak/modernCpp/modern_cpp/modern_cpp" prefix_auto="0" extension_auto="0" />
         <Option working_dir="/home/muszak/modernCpp/modern_cpp" />
         <Option object_output="./" />
         <Option type="1" />
         <Option compiler="gcc" />
         <Compiler>
            <Add directory="/usr/include" />
            <Add directory="/usr/include/c++/6" />
            <Add directory="/usr/include/c++/6/backward" />
            <Add directory="/usr/include/x86_64-linux-gnu" />
            <Add directory="/usr/include/x86_64-linux-gnu/c++/6" />
            <Add directory="/usr/lib/gcc/x86_64-linux-gnu/6/include" />
            <Add directory="/usr/lib/gcc/x86_64-linux-gnu/6/include-fixed" />
            <Add directory="/usr/local/include" />
         </Compiler>
         <MakeCommands>
            <Build command="/usr/bin/make -f &quot;/home/muszak/modernCpp/modern_cpp/Makefile&quot;  VERBOSE=1 modern_cpp" />
            <CompileFile command="/usr/bin/make -f &quot;/home/muszak/modernCpp/modern_cpp/Makefile&quot;  VERBOSE=1 &quot;$file&quot;" />
            <Clean command="/usr/bin/make -f &quot;/home/muszak/modernCpp/modern_cpp/Makefile&quot;  VERBOSE=1 clean" />
            <DistClean command="/usr/bin/make -f &quot;/home/muszak/modernCpp/modern_cpp/Makefile&quot;  VERBOSE=1 clean" />
         </MakeCommands>
      </Target>
      <Target title="modern_cpp/fast">
         <Option output="/home/muszak/modernCpp/modern_cpp/modern_cpp" prefix_auto="0" extension_auto="0" />
         <Option working_dir="/home/muszak/modernCpp/modern_cpp" />
         <Option object_output="./" />
         <Option type="1" />
         <Option compiler="gcc" />
         <Compiler>
            <Add directory="/usr/include" />
            <Add directory="/usr/include/c++/6" />
            <Add directory="/usr/include/c++/6/backward" />
            <Add directory="/usr/include/x86_64-linux-gnu" />
            <Add directory="/usr/include/x86_64-linux-gnu/c++/6" />
            <Add directory="/usr/lib/gcc/x86_64-linux-gnu/6/include" />
            <Add directory="/usr/lib/gcc/x86_64-linux-gnu/6/include-fixed" />
            <Add directory="/usr/local/include" />
         </Compiler>
         <MakeCommands>
            <Build command="/usr/bin/make -f &quot;/home/muszak/modernCpp/modern_cpp/Makefile&quot;  VERBOSE=1 modern_cpp/fast" />
            <CompileFile command="/usr/bin/make -f &quot;/home/muszak/modernCpp/modern_cpp/Makefile&quot;  VERBOSE=1 &quot;$file&quot;" />
            <Clean command="/usr/bin/make -f &quot;/home/muszak/modernCpp/modern_cpp/Makefile&quot;  VERBOSE=1 clean" />
            <DistClean command="/usr/bin/make -f &quot;/home/muszak/modernCpp/modern_cpp/Makefile&quot;  VERBOSE=1 clean" />
         </MakeCommands>
      </Target>
      </Build>
      <Unit filename="/home/muszak/modernCpp/modern_cpp/Circle.cpp">
         <Option target="modern_cpp"/>
      </Unit>
      <Unit filename="/home/muszak/modernCpp/modern_cpp/Circle.hpp">
         <Option target="modern_cpp"/>
      </Unit>
      <Unit filename="/home/muszak/modernCpp/modern_cpp/Rectangle.cpp">
         <Option target="modern_cpp"/>
      </Unit>
      <Unit filename="/home/muszak/modernCpp/modern_cpp/Rectangle.hpp">
         <Option target="modern_cpp"/>
      </Unit>
      <Unit filename="/home/muszak/modernCpp/modern_cpp/Shape.cpp">
         <Option target="modern_cpp"/>
      </Unit>
      <Unit filename="/home/muszak/modernCpp/modern_cpp/Shape.hpp">
         <Option target="modern_cpp"/>
      </Unit>
      <Unit filename="/home/muszak/modernCpp/modern_cpp/Square.cpp">
         <Option target="modern_cpp"/>
      </Unit>
      <Unit filename="/home/muszak/modernCpp/modern_cpp/Square.hpp">
         <Option target="modern_cpp"/>
      </Unit>
      <Unit filename="/home/muszak/modernCpp/modern_cpp/main.cpp">
         <Option target="modern_cpp"/>
      </Unit>
      <Unit filename="/home/muszak/modernCpp/modern_cpp/CMakeLists.txt">
          <Option virtualFolder="CMake Files\" />
      </Unit>
   </Project>
</CodeBlocks_project_file>
